
Microsoft Visual Studio Solution File, Format Version 12.00
# Visual Studio Version 17
VisualStudioVersion = 17.5.002.0
MinimumVisualStudioVersion = 10.0.40219.1
Project("{9A19103F-16F7-4668-BE54-9A1E7A4F7556}") = "SingleReponsibilityPrinciple", "SingleReponsibilityPrinciple.csproj", "{9E51AD51-21D8-4F22-92A2-13EF1C679FCD}"
EndProject
Global
	GlobalSection(SolutionConfigurationPlatforms) = preSolution
		Debug|Any CPU = Debug|Any CPU
		Release|Any CPU = Release|Any CPU
	EndGlobalSection
	GlobalSection(ProjectConfigurationPlatforms) = postSolution
		{9E51AD51-21D8-4F22-92A2-13EF1C679FCD}.Debug|Any CPU.ActiveCfg = Debug|Any CPU
		{9E51AD51-21D8-4F22-92A2-13EF1C679FCD}.Debug|Any CPU.Build.0 = Debug|Any CPU
		{9E51AD51-21D8-4F22-92A2-13EF1C679FCD}.Release|Any CPU.ActiveCfg = Release|Any CPU
		{9E51AD51-21D8-4F22-92A2-13EF1C679FCD}.Release|Any CPU.Build.0 = Release|Any CPU
	EndGlobalSection
	GlobalSection(SolutionProperties) = preSolution
		HideSolutionNode = FALSE
	EndGlobalSection
	GlobalSection(ExtensibilityGlobals) = postSolution
		SolutionGuid = {4820A52B-125B-473D-9DAB-EA3B0E14336C}
	EndGlobalSection
EndGlobal
